
Microsoft Visual Studio Solution File, Format Version 12.00
# Visual Studio Version 16
VisualStudioVersion = 16.0.30717.126
MinimumVisualStudioVersion = 12.0
Project("{8BC9CEB8-8B4A-11D0-8D11-00A0C91BC942}") = "PixLib", "PixLib.vcxproj", "{59DE6E25-B0B8-49FF-A952-5D1412A6973B}"
EndProject
Global
	GlobalSection(SolutionConfigurationPlatforms) = preSolution
		Debug|ARM = Debug|ARM
		Debug|ARM64 = Debug|ARM64
		Debug|Win32 = Debug|Win32
		Debug|x64 = Debug|x64
		Release|ARM = Release|ARM
		Release|ARM64 = Release|ARM64
		Release|Win32 = Release|Win32
		Release|x64 = Release|x64
	EndGlobalSection
	GlobalSection(ProjectConfigurationPlatforms) = postSolution
		{59DE6E25-B0B8-49FF-A952-5D1412A6973B}.Debug|ARM.ActiveCfg = Debug|ARM
		{59DE6E25-B0B8-49FF-A952-5D1412A6973B}.Debug|ARM.Build.0 = Debug|ARM
		{59DE6E25-B0B8-49FF-A952-5D1412A6973B}.Debug|ARM64.ActiveCfg = Debug|ARM64
		{59DE6E25-B0B8-49FF-A952-5D1412A6973B}.Debug|ARM64.Build.0 = Debug|ARM64
		{59DE6E25-B0B8-49FF-A952-5D1412A6973B}.Debug|Win32.ActiveCfg = Debug|Win32
		{59DE6E25-B0B8-49FF-A952-5D1412A6973B}.Debug|Win32.Build.0 = Debug|Win32
		{59DE6E25-B0B8-49FF-A952-5D1412A6973B}.Debug|x64.ActiveCfg = Debug|x64
		{59DE6E25-B0B8-49FF-A952-5D1412A6973B}.Debug|x64.Build.0 = Debug|x64
		{59DE6E25-B0B8-49FF-A952-5D1412A6973B}.Release|ARM.ActiveCfg = Release|ARM
		{59DE6E25-B0B8-49FF-A952-5D1412A6973B}.Release|ARM.Build.0 = Release|ARM
		{59DE6E25-B0B8-49FF-A952-5D1412A6973B}.Release|ARM64.ActiveCfg = Release|ARM64
		{59DE6E25-B0B8-49FF-A952-5D1412A6973B}.Release|ARM64.Build.0 = Release|ARM64
		{59DE6E25-B0B8-49FF-A952-5D1412A6973B}.Release|Win32.ActiveCfg = Release|Win32
		{59DE6E25-B0B8-49FF-A952-5D1412A6973B}.Release|Win32.Build.0 = Release|Win32
		{59DE6E25-B0B8-49FF-A952-5D1412A6973B}.Release|x64.ActiveCfg = Release|x64
		{59DE6E25-B0B8-49FF-A952-5D1412A6973B}.Release|x64.Build.0 = Release|x64
	EndGlobalSection
	GlobalSection(SolutionProperties) = preSolution
		HideSolutionNode = FALSE
	EndGlobalSection
	GlobalSection(ExtensibilityGlobals) = postSolution
		SolutionGuid = {F79E27A9-44F0-4AD1-82DA-D17617F820FC}
	EndGlobalSection
EndGlobal
